// !$*UTF8*$!
{
	archiveVersion = 1;
	classes = {
	};
	objectVersion = 50;
	objects = {

/* Begin PBXBuildFile section */
		1A719BF4E16D44E8ED49AE28 /* libPods-Crypto.a in Frameworks */ = {isa = PBXBuildFile; fileRef = C434882A6F0C5253C4D53A1F /* libPods-Crypto.a */; };
		6C0B5A3120C994F4004943FF /* AppDelegate.swift in Sources */ = {isa = PBXBuildFile; fileRef = 6C0B5A3020C994F4004943FF /* AppDelegate.swift */; };
		6C0B5A3620C994F4004943FF /* Main.storyboard in Resources */ = {isa = PBXBuildFile; fileRef = 6C0B5A3420C994F4004943FF /* Main.storyboard */; };
		6C0B5A3920C994F4004943FF /* Crypto.xcdatamodeld in Sources */ = {isa = PBXBuildFile; fileRef = 6C0B5A3720C994F4004943FF /* Crypto.xcdatamodeld */; };
		6C0B5A3B20C994F7004943FF /* Assets.xcassets in Resources */ = {isa = PBXBuildFile; fileRef = 6C0B5A3A20C994F7004943FF /* Assets.xcassets */; };
		6C0B5A3E20C994F7004943FF /* LaunchScreen.storyboard in Resources */ = {isa = PBXBuildFile; fileRef = 6C0B5A3C20C994F7004943FF /* LaunchScreen.storyboard */; };
		6C0B5A4620C9953F004943FF /* ListController.swift in Sources */ = {isa = PBXBuildFile; fileRef = 6C0B5A4520C9953F004943FF /* ListController.swift */; };
		6C0B5A4820C995AA004943FF /* CellController.swift in Sources */ = {isa = PBXBuildFile; fileRef = 6C0B5A4720C995AA004943FF /* CellController.swift */; };
		6C0B5A4A20C9977D004943FF /* Cryptocurrency.swift in Sources */ = {isa = PBXBuildFile; fileRef = 6C0B5A4920C9977D004943FF /* Cryptocurrency.swift */; };
/* End PBXBuildFile section */

/* Begin PBXFileReference section */
		6C0B5A2D20C994F4004943FF /* Crypto.app */ = {isa = PBXFileReference; explicitFileType = wrapper.application; includeInIndex = 0; path = Crypto.app; sourceTree = BUILT_PRODUCTS_DIR; };
		6C0B5A3020C994F4004943FF /* AppDelegate.swift */ = {isa = PBXFileReference; lastKnownFileType = sourcecode.swift; path = AppDelegate.swift; sourceTree = "<group>"; };
		6C0B5A3520C994F4004943FF /* Base */ = {isa = PBXFileReference; lastKnownFileType = file.storyboard; name = Base; path = Base.lproj/Main.storyboard; sourceTree = "<group>"; };
		6C0B5A3820C994F4004943FF /* Crypto.xcdatamodel */ = {isa = PBXFileReference; lastKnownFileType = wrapper.xcdatamodel; path = Crypto.xcdatamodel; sourceTree = "<group>"; };
		6C0B5A3A20C994F7004943FF /* Assets.xcassets */ = {isa = PBXFileReference; lastKnownFileType = folder.assetcatalog; path = Assets.xcassets; sourceTree = "<group>"; };
		6C0B5A3D20C994F7004943FF /* Base */ = {isa = PBXFileReference; lastKnownFileType = file.storyboard; name = Base; path = Base.lproj/LaunchScreen.storyboard; sourceTree = "<group>"; };
		6C0B5A3F20C994F7004943FF /* Info.plist */ = {isa = PBXFileReference; lastKnownFileType = text.plist.xml; path = Info.plist; sourceTree = "<group>"; };
		6C0B5A4520C9953F004943FF /* ListController.swift */ = {isa = PBXFileReference; lastKnownFileType = sourcecode.swift; path = ListController.swift; sourceTree = "<group>"; };
		6C0B5A4720C995AA004943FF /* CellController.swift */ = {isa = PBXFileReference; lastKnownFileType = sourcecode.swift; path = CellController.swift; sourceTree = "<group>"; };
		6C0B5A4920C9977D004943FF /* Cryptocurrency.swift */ = {isa = PBXFileReference; lastKnownFileType = sourcecode.swift; path = Cryptocurrency.swift; sourceTree = "<group>"; };
		B4EC49526ED08FDD8AD614E8 /* Pods-Crypto.debug.xcconfig */ = {isa = PBXFileReference; includeInIndex = 1; lastKnownFileType = text.xcconfig; name = "Pods-Crypto.debug.xcconfig"; path = "Pods/Target Support Files/Pods-Crypto/Pods-Crypto.debug.xcconfig"; sourceTree = "<group>"; };
		BE82E935503D9138C69DF3F5 /* Pods-Crypto.release.xcconfig */ = {isa = PBXFileReference; includeInIndex = 1; lastKnownFileType = text.xcconfig; name = "Pods-Crypto.release.xcconfig"; path = "Pods/Target Support Files/Pods-Crypto/Pods-Crypto.release.xcconfig"; sourceTree = "<group>"; };
		C434882A6F0C5253C4D53A1F /* libPods-Crypto.a */ = {isa = PBXFileReference; explicitFileType = archive.ar; includeInIndex = 0; path = "libPods-Crypto.a"; sourceTree = BUILT_PRODUCTS_DIR; };
/* End PBXFileReference section */

/* Begin PBXFrameworksBuildPhase section */
		6C0B5A2A20C994F4004943FF /* Frameworks */ = {
			isa = PBXFrameworksBuildPhase;
			buildActionMask = 2147483647;
			files = (
				1A719BF4E16D44E8ED49AE28 /* libPods-Crypto.a in Frameworks */,
			);
			runOnlyForDeploymentPostprocessing = 0;
		};
/* End PBXFrameworksBuildPhase section */

/* Begin PBXGroup section */
		1E875010CC97B7E47ED8802B /* Pods */ = {
			isa = PBXGroup;
			children = (
				B4EC49526ED08FDD8AD614E8 /* Pods-Crypto.debug.xcconfig */,
				BE82E935503D9138C69DF3F5 /* Pods-Crypto.release.xcconfig */,
			);
			name = Pods;
			sourceTree = "<group>";
		};
		6C0B5A2420C994F4004943FF = {
			isa = PBXGroup;
			children = (
				6C0B5A2F20C994F4004943FF /* Crypto */,
				6C0B5A2E20C994F4004943FF /* Products */,
				1E875010CC97B7E47ED8802B /* Pods */,
				BB0797E4C05DD193263D44A7 /* Frameworks */,
			);
			sourceTree = "<group>";
		};
		6C0B5A2E20C994F4004943FF /* Products */ = {
			isa = PBXGroup;
			children = (
				6C0B5A2D20C994F4004943FF /* Crypto.app */,
			);
			name = Products;
			sourceTree = "<group>";
		};
		6C0B5A2F20C994F4004943FF /* Crypto */ = {
			isa = PBXGroup;
			children = (
				6C0B5A3020C994F4004943FF /* AppDelegate.swift */,
				6C0B5A3420C994F4004943FF /* Main.storyboard */,
				6C0B5A4920C9977D004943FF /* Cryptocurrency.swift */,
				6C0B5A4720C995AA004943FF /* CellController.swift */,
				6C0B5A4520C9953F004943FF /* ListController.swift */,
				6C0B5A3A20C994F7004943FF /* Assets.xcassets */,
				6C0B5A3C20C994F7004943FF /* LaunchScreen.storyboard */,
				6C0B5A3F20C994F7004943FF /* Info.plist */,
				6C0B5A3720C994F4004943FF /* Crypto.xcdatamodeld */,
			);
			path = Crypto;
			sourceTree = "<group>";
		};
		BB0797E4C05DD193263D44A7 /* Frameworks */ = {
			isa = PBXGroup;
			children = (
				C434882A6F0C5253C4D53A1F /* libPods-Crypto.a */,
			);
			name = Frameworks;
			sourceTree = "<group>";
		};
/* End PBXGroup section */

/* Begin PBXNativeTarget section */
		6C0B5A2C20C994F4004943FF /* Crypto */ = {
			isa = PBXNativeTarget;
			buildConfigurationList = 6C0B5A4220C994F7004943FF /* Build configuration list for PBXNativeTarget "Crypto" */;
			buildPhases = (
				0704558BBD37A892B2B08D3A /* [CP] Check Pods Manifest.lock */,
				6C0B5A2920C994F4004943FF /* Sources */,
				6C0B5A2A20C994F4004943FF /* Frameworks */,
				6C0B5A2B20C994F4004943FF /* Resources */,
			);
			buildRules = (
			);
			dependencies = (
			);
			name = Crypto;
			productName = Crypto;
			productReference = 6C0B5A2D20C994F4004943FF /* Crypto.app */;
			productType = "com.apple.product-type.application";
		};
/* End PBXNativeTarget section */

/* Begin PBXProject section */
		6C0B5A2520C994F4004943FF /* Project object */ = {
			isa = PBXProject;
			attributes = {
				LastSwiftUpdateCheck = 0940;
				LastUpgradeCheck = 0940;
				ORGANIZATIONNAME = "Ondřej Tichý";
				TargetAttributes = {
					6C0B5A2C20C994F4004943FF = {
						CreatedOnToolsVersion = 9.4;
						LastSwiftMigration = 1000;
					};
				};
			};
			buildConfigurationList = 6C0B5A2820C994F4004943FF /* Build configuration list for PBXProject "Crypto" */;
			compatibilityVersion = "Xcode 9.3";
			developmentRegion = en;
			hasScannedForEncodings = 0;
			knownRegions = (
				en,
				Base,
			);
			mainGroup = 6C0B5A2420C994F4004943FF;
			productRefGroup = 6C0B5A2E20C994F4004943FF /* Products */;
			projectDirPath = "";
			projectRoot = "";
			targets = (
				6C0B5A2C20C994F4004943FF /* Crypto */,
			);
		};
/* End PBXProject section */

/* Begin PBXResourcesBuildPhase section */
		6C0B5A2B20C994F4004943FF /* Resources */ = {
			isa = PBXResourcesBuildPhase;
			buildActionMask = 2147483647;
			files = (
				6C0B5A3E20C994F7004943FF /* LaunchScreen.storyboard in Resources */,
				6C0B5A3B20C994F7004943FF /* Assets.xcassets in Resources */,
				6C0B5A3620C994F4004943FF /* Main.storyboard in Resources */,
			);
			runOnlyForDeploymentPostprocessing = 0;
		};
/* End PBXResourcesBuildPhase section */

/* Begin PBXShellScriptBuildPhase section */
		0704558BBD37A892B2B08D3A /* [CP] Check Pods Manifest.lock */ = {
			isa = PBXShellScriptBuildPhase;
			buildActionMask = 2147483647;
			files = (
			);
			inputPaths = (
				"${PODS_PODFILE_DIR_PATH}/Podfile.lock",
				"${PODS_ROOT}/Manifest.lock",
			);
			name = "[CP] Check Pods Manifest.lock";
			outputPaths = (
				"$(DERIVED_FILE_DIR)/Pods-Crypto-checkManifestLockResult.txt",
			);
			runOnlyForDeploymentPostprocessing = 0;
			shellPath = /bin/sh;
			shellScript = "diff \"${PODS_PODFILE_DIR_PATH}/Podfile.lock\" \"${PODS_ROOT}/Manifest.lock\" > /dev/null\nif [ $? != 0 ] ; then\n    # print error to STDERR\n    echo \"error: The sandbox is not in sync with the Podfile.lock. Run 'pod install' or update your CocoaPods installation.\" >&2\n    exit 1\nfi\n# This output is used by Xcode 'outputs' to avoid re-running this script phase.\necho \"SUCCESS\" > \"${SCRIPT_OUTPUT_FILE_0}\"\n";
			showEnvVarsInLog = 0;
		};
/* End PBXShellScriptBuildPhase section */

/* Begin PBXSourcesBuildPhase section */
		6C0B5A2920C994F4004943FF /* Sources */ = {
			isa = PBXSourcesBuildPhase;
			buildActionMask = 2147483647;
			files = (
				6C0B5A4620C9953F004943FF /* ListController.swift in Sources */,
				6C0B5A3920C994F4004943FF /* Crypto.xcdatamodeld in Sources */,
				6C0B5A4A20C9977D004943FF /* Cryptocurrency.swift in Sources */,
				6C0B5A3120C994F4004943FF /* AppDelegate.swift in Sources */,
				6C0B5A4820C995AA004943FF /* CellController.swift in Sources */,
			);
			runOnlyForDeploymentPostprocessing = 0;
		};
/* End PBXSourcesBuildPhase section */

/* Begin PBXVariantGroup section */
		6C0B5A3420C994F4004943FF /* Main.storyboard */ = {
			isa = PBXVariantGroup;
			children = (
				6C0B5A3520C994F4004943FF /* Base */,
			);
			name = Main.storyboard;
			sourceTree = "<group>";
		};
		6C0B5A3C20C994F7004943FF /* LaunchScreen.storyboard */ = {
			isa = PBXVariantGroup;
			children = (
				6C0B5A3D20C994F7004943FF /* Base */,
			);
			name = LaunchScreen.storyboard;
			sourceTree = "<group>";
		};
/* End PBXVariantGroup section */

/* Begin XCBuildConfiguration section */
		6C0B5A4020C994F7004943FF /* Debug */ = {
			isa = XCBuildConfiguration;
			buildSettings = {
				ALWAYS_SEARCH_USER_PATHS = NO;
				CLANG_ANALYZER_NONNULL = YES;
				CLANG_ANALYZER_NUMBER_OBJECT_CONVERSION = YES_AGGRESSIVE;
				CLANG_CXX_LANGUAGE_STANDARD = "gnu++14";
				CLANG_CXX_LIBRARY = "libc++";
				CLANG_ENABLE_MODULES = YES;
				CLANG_ENABLE_OBJC_ARC = YES;
				CLANG_ENABLE_OBJC_WEAK = YES;
				CLANG_WARN_BLOCK_CAPTURE_AUTORELEASING = YES;
				CLANG_WARN_BOOL_CONVERSION = YES;
				CLANG_WARN_COMMA = YES;
				CLANG_WARN_CONSTANT_CONVERSION = YES;
				CLANG_WARN_DEPRECATED_OBJC_IMPLEMENTATIONS = YES;
				CLANG_WARN_DIRECT_OBJC_ISA_USAGE = YES_ERROR;
				CLANG_WARN_DOCUMENTATION_COMMENTS = YES;
				CLANG_WARN_EMPTY_BODY = YES;
				CLANG_WARN_ENUM_CONVERSION = YES;
				CLANG_WARN_INFINITE_RECURSION = YES;
				CLANG_WARN_INT_CONVERSION = YES;
				CLANG_WARN_NON_LITERAL_NULL_CONVERSION = YES;
				CLANG_WARN_OBJC_IMPLICIT_RETAIN_SELF = YES;
				CLANG_WARN_OBJC_LITERAL_CONVERSION = YES;
				CLANG_WARN_OBJC_ROOT_CLASS = YES_ERROR;
				CLANG_WARN_RANGE_LOOP_ANALYSIS = YES;
				CLANG_WARN_STRICT_PROTOTYPES = YES;
				CLANG_WARN_SUSPICIOUS_MOVE = YES;
				CLANG_WARN_UNGUARDED_AVAILABILITY = YES_AGGRESSIVE;
				CLANG_WARN_UNREACHABLE_CODE = YES;
				CLANG_WARN__DUPLICATE_METHOD_MATCH = YES;
				CODE_SIGN_IDENTITY = "iPhone Developer";
				COPY_PHASE_STRIP = NO;
				DEBUG_INFORMATION_FORMAT = dwarf;
				ENABLE_STRICT_OBJC_MSGSEND = YES;
				ENABLE_TESTABILITY = YES;
				GCC_C_LANGUAGE_STANDARD = gnu11;
				GCC_DYNAMIC_NO_PIC = NO;
				GCC_NO_COMMON_BLOCKS = YES;
				GCC_OPTIMIZATION_LEVEL = 0;
				GCC_PREPROCESSOR_DEFINITIONS = (
					"DEBUG=1",
					"$(inherited)",
				);
				GCC_WARN_64_TO_32_BIT_CONVERSION = YES;
				GCC_WARN_ABOUT_RETURN_TYPE = YES_ERROR;
				GCC_WARN_UNDECLARED_SELECTOR = YES;
				GCC_WARN_UNINITIALIZED_AUTOS = YES_AGGRESSIVE;
				GCC_WARN_UNUSED_FUNCTION = YES;
				GCC_WARN_UNUSED_VARIABLE = YES;
				IPHONEOS_DEPLOYMENT_TARGET = 11.4;
				MTL_ENABLE_DEBUG_INFO = YES;
				ONLY_ACTIVE_ARCH = YES;
				SDKROOT = iphoneos;
				SWIFT_ACTIVE_COMPILATION_CONDITIONS = DEBUG;
				SWIFT_OPTIMIZATION_LEVEL = "-Onone";
			};
			name = Debug;
		};
		6C0B5A4120C994F7004943FF /* Release */ = {
			isa = XCBuildConfiguration;
			buildSettings = {
				ALWAYS_SEARCH_USER_PATHS = NO;
				CLANG_ANALYZER_NONNULL = YES;
				CLANG_ANALYZER_NUMBER_OBJECT_CONVERSION = YES_AGGRESSIVE;
				CLANG_CXX_LANGUAGE_STANDARD = "gnu++14";
				CLANG_CXX_LIBRARY = "libc++";
				CLANG_ENABLE_MODULES = YES;
				CLANG_ENABLE_OBJC_ARC = YES;
				CLANG_ENABLE_OBJC_WEAK = YES;
				CLANG_WARN_BLOCK_CAPTURE_AUTORELEASING = YES;
				CLANG_WARN_BOOL_CONVERSION = YES;
				CLANG_WARN_COMMA = YES;
				CLANG_WARN_CONSTANT_CONVERSION = YES;
				CLANG_WARN_DEPRECATED_OBJC_IMPLEMENTATIONS = YES;
				CLANG_WARN_DIRECT_OBJC_ISA_USAGE = YES_ERROR;
				CLANG_WARN_DOCUMENTATION_COMMENTS = YES;
				CLANG_WARN_EMPTY_BODY = YES;
				CLANG_WARN_ENUM_CONVERSION = YES;
				CLANG_WARN_INFINITE_RECURSION = YES;
				CLANG_WARN_INT_CONVERSION = YES;
				CLANG_WARN_NON_LITERAL_NULL_CONVERSION = YES;
				CLANG_WARN_OBJC_IMPLICIT_RETAIN_SELF = YES;
				CLANG_WARN_OBJC_LITERAL_CONVERSION = YES;
				CLANG_WARN_OBJC_ROOT_CLASS = YES_ERROR;
				CLANG_WARN_RANGE_LOOP_ANALYSIS = YES;
				CLANG_WARN_STRICT_PROTOTYPES = YES;
				CLANG_WARN_SUSPICIOUS_MOVE = YES;
				CLANG_WARN_UNGUARDED_AVAILABILITY = YES_AGGRESSIVE;
				CLANG_WARN_UNREACHABLE_CODE = YES;
				CLANG_WARN__DUPLICATE_METHOD_MATCH = YES;
				CODE_SIGN_IDENTITY = "iPhone Developer";
				COPY_PHASE_STRIP = NO;
				DEBUG_INFORMATION_FORMAT = "dwarf-with-dsym";
				ENABLE_NS_ASSERTIONS = NO;
				ENABLE_STRICT_OBJC_MSGSEND = YES;
				GCC_C_LANGUAGE_STANDARD = gnu11;
				GCC_NO_COMMON_BLOCKS = YES;
				GCC_WARN_64_TO_32_BIT_CONVERSION = YES;
				GCC_WARN_ABOUT_RETURN_TYPE = YES_ERROR;
				GCC_WARN_UNDECLARED_SELECTOR = YES;
				GCC_WARN_UNINITIALIZED_AUTOS = YES_AGGRESSIVE;
				GCC_WARN_UNUSED_FUNCTION = YES;
				GCC_WARN_UNUSED_VARIABLE = YES;
				IPHONEOS_DEPLOYMENT_TARGET = 11.4;
				MTL_ENABLE_DEBUG_INFO = NO;
				SDKROOT = iphoneos;
				SWIFT_COMPILATION_MODE = wholemodule;
				SWIFT_OPTIMIZATION_LEVEL = "-O";
				VALIDATE_PRODUCT = YES;
			};
			name = Release;
		};
		6C0B5A4320C994F7004943FF /* Debug */ = {
			isa = XCBuildConfiguration;
			baseConfigurationReference = B4EC49526ED08FDD8AD614E8 /* Pods-Crypto.debug.xcconfig */;
			buildSettings = {
				ASSETCATALOG_COMPILER_APPICON_NAME = AppIcon;
				CODE_SIGN_STYLE = Automatic;
				DEVELOPMENT_TEAM = TPNWCUBME7;
				INFOPLIST_FILE = Crypto/Info.plist;
				LD_RUNPATH_SEARCH_PATHS = (
					"$(inherited)",
					"@executable_path/Frameworks",
				);
				PRODUCT_BUNDLE_IDENTIFIER = com.ondrejtichy.Crypto;
				PRODUCT_NAME = "$(TARGET_NAME)";
				SWIFT_VERSION = 4.2;
				TARGETED_DEVICE_FAMILY = "1,2";
			};
			name = Debug;
		};
		6C0B5A4420C994F7004943FF /* Release */ = {
			isa = XCBuildConfiguration;
			baseConfigurationReference = BE82E935503D9138C69DF3F5 /* Pods-Crypto.release.xcconfig */;
			buildSettings = {
				ASSETCATALOG_COMPILER_APPICON_NAME = AppIcon;
				CODE_SIGN_STYLE = Automatic;
				DEVELOPMENT_TEAM = TPNWCUBME7;
				INFOPLIST_FILE = Crypto/Info.plist;
				LD_RUNPATH_SEARCH_PATHS = (
					"$(inherited)",
					"@executable_path/Frameworks",
				);
				PRODUCT_BUNDLE_IDENTIFIER = com.ondrejtichy.Crypto;
				PRODUCT_NAME = "$(TARGET_NAME)";
				SWIFT_VERSION = 4.2;
				TARGETED_DEVICE_FAMILY = "1,2";
			};
			name = Release;
		};
/* End XCBuildConfiguration section */

/* Begin XCConfigurationList section */
		6C0B5A2820C994F4004943FF /* Build configuration list for PBXProject "Crypto" */ = {
			isa = XCConfigurationList;
			buildConfigurations = (
				6C0B5A4020C994F7004943FF /* Debug */,
				6C0B5A4120C994F7004943FF /* Release */,
			);
			defaultConfigurationIsVisible = 0;
			defaultConfigurationName = Release;
		};
		6C0B5A4220C994F7004943FF /* Build configuration list for PBXNativeTarget "Crypto" */ = {
			isa = XCConfigurationList;
			buildConfigurations = (
				6C0B5A4320C994F7004943FF /* Debug */,
				6C0B5A4420C994F7004943FF /* Release */,
			);
			defaultConfigurationIsVisible = 0;
			defaultConfigurationName = Release;
		};
/* End XCConfigurationList section */

/* Begin XCVersionGroup section */
		6C0B5A3720C994F4004943FF /* Crypto.xcdatamodeld */ = {
			isa = XCVersionGroup;
			children = (
				6C0B5A3820C994F4004943FF /* Crypto.xcdatamodel */,
			);
			currentVersion = 6C0B5A3820C994F4004943FF /* Crypto.xcdatamodel */;
			path = Crypto.xcdatamodeld;
			sourceTree = "<group>";
			versionGroupType = wrapper.xcdatamodel;
		};
/* End XCVersionGroup section */
	};
	rootObject = 6C0B5A2520C994F4004943FF /* Project object */;
}
